
Microsoft Visual Studio Solution File, Format Version 12.00
# Visual Studio Version 16
VisualStudioVersion = 16.0.30309.148
MinimumVisualStudioVersion = 10.0.40219.1
Project("{FAE04EC0-301F-11D3-BF4B-00C04F79EFBC}") = "FinalProjectShopLaptop", "FinalProjectShopLaptop.csproj", "{2C6AA228-6A18-4447-A0E4-E3CE1CC97F49}"
EndProject
Global
	GlobalSection(SolutionConfigurationPlatforms) = preSolution
		Debug|Any CPU = Debug|Any CPU
		Release|Any CPU = Release|Any CPU
	EndGlobalSection
	GlobalSection(ProjectConfigurationPlatforms) = postSolution
		{2C6AA228-6A18-4447-A0E4-E3CE1CC97F49}.Debug|Any CPU.ActiveCfg = Debug|Any CPU
		{2C6AA228-6A18-4447-A0E4-E3CE1CC97F49}.Debug|Any CPU.Build.0 = Debug|Any CPU
		{2C6AA228-6A18-4447-A0E4-E3CE1CC97F49}.Release|Any CPU.ActiveCfg = Release|Any CPU
		{2C6AA228-6A18-4447-A0E4-E3CE1CC97F49}.Release|Any CPU.Build.0 = Release|Any CPU
	EndGlobalSection
	GlobalSection(SolutionProperties) = preSolution
		HideSolutionNode = FALSE
	EndGlobalSection
	GlobalSection(ExtensibilityGlobals) = postSolution
		SolutionGuid = {075B0403-B954-4BCC-BC8C-0786AEB94240}
	EndGlobalSection
EndGlobal
